// !$*UTF8*$!
{
	archiveVersion = 1;
	classes = {
	};
	objectVersion = 50;
	objects = {

/* Begin PBXBuildFile section */
		18291B562508CDD9003B8249 /* CustomModalStatus.framework in Frameworks */ = {isa = PBXBuildFile; fileRef = 18291B4C2508CDD8003B8249 /* CustomModalStatus.framework */; };
		18291B5B2508CDD9003B8249 /* CustomModalStatusTests.swift in Sources */ = {isa = PBXBuildFile; fileRef = 18291B5A2508CDD9003B8249 /* CustomModalStatusTests.swift */; };
		18291B5D2508CDD9003B8249 /* CustomModalStatus.h in Headers */ = {isa = PBXBuildFile; fileRef = 18291B4F2508CDD8003B8249 /* CustomModalStatus.h */; settings = {ATTRIBUTES = (Public, ); }; };
		18291B672508CDF6003B8249 /* CustomModalStatusView.swift in Sources */ = {isa = PBXBuildFile; fileRef = 18291B662508CDF6003B8249 /* CustomModalStatusView.swift */; };
		18291B692508CE00003B8249 /* CustomModalStatusView.xib in Resources */ = {isa = PBXBuildFile; fileRef = 18291B682508CE00003B8249 /* CustomModalStatusView.xib */; };
/* End PBXBuildFile section */

/* Begin PBXContainerItemProxy section */
		18291B572508CDD9003B8249 /* PBXContainerItemProxy */ = {
			isa = PBXContainerItemProxy;
			containerPortal = 18291B432508CDD8003B8249 /* Project object */;
			proxyType = 1;
			remoteGlobalIDString = 18291B4B2508CDD8003B8249;
			remoteInfo = CustomModalStatus;
		};
/* End PBXContainerItemProxy section */

/* Begin PBXFileReference section */
		18291B4C2508CDD8003B8249 /* CustomModalStatus.framework */ = {isa = PBXFileReference; explicitFileType = wrapper.framework; includeInIndex = 0; path = CustomModalStatus.framework; sourceTree = BUILT_PRODUCTS_DIR; };
		18291B4F2508CDD8003B8249 /* CustomModalStatus.h */ = {isa = PBXFileReference; lastKnownFileType = sourcecode.c.h; path = CustomModalStatus.h; sourceTree = "<group>"; };
		18291B502508CDD8003B8249 /* Info.plist */ = {isa = PBXFileReference; lastKnownFileType = text.plist.xml; path = Info.plist; sourceTree = "<group>"; };
		18291B552508CDD9003B8249 /* CustomModalStatusTests.xctest */ = {isa = PBXFileReference; explicitFileType = wrapper.cfbundle; includeInIndex = 0; path = CustomModalStatusTests.xctest; sourceTree = BUILT_PRODUCTS_DIR; };
		18291B5A2508CDD9003B8249 /* CustomModalStatusTests.swift */ = {isa = PBXFileReference; lastKnownFileType = sourcecode.swift; path = CustomModalStatusTests.swift; sourceTree = "<group>"; };
		18291B5C2508CDD9003B8249 /* Info.plist */ = {isa = PBXFileReference; lastKnownFileType = text.plist.xml; path = Info.plist; sourceTree = "<group>"; };
		18291B662508CDF6003B8249 /* CustomModalStatusView.swift */ = {isa = PBXFileReference; lastKnownFileType = sourcecode.swift; path = CustomModalStatusView.swift; sourceTree = "<group>"; };
		18291B682508CE00003B8249 /* CustomModalStatusView.xib */ = {isa = PBXFileReference; lastKnownFileType = file.xib; path = CustomModalStatusView.xib; sourceTree = "<group>"; };
/* End PBXFileReference section */

/* Begin PBXFrameworksBuildPhase section */
		18291B492508CDD8003B8249 /* Frameworks */ = {
			isa = PBXFrameworksBuildPhase;
			buildActionMask = 2147483647;
			files = (
			);
			runOnlyForDeploymentPostprocessing = 0;
		};
		18291B522508CDD9003B8249 /* Frameworks */ = {
			isa = PBXFrameworksBuildPhase;
			buildActionMask = 2147483647;
			files = (
				18291B562508CDD9003B8249 /* CustomModalStatus.framework in Frameworks */,
			);
			runOnlyForDeploymentPostprocessing = 0;
		};
/* End PBXFrameworksBuildPhase section */

/* Begin PBXGroup section */
		18291B422508CDD8003B8249 = {
			isa = PBXGroup;
			children = (
				18291B4E2508CDD8003B8249 /* CustomModalStatus */,
				18291B592508CDD9003B8249 /* CustomModalStatusTests */,
				18291B4D2508CDD8003B8249 /* Products */,
			);
			sourceTree = "<group>";
		};
		18291B4D2508CDD8003B8249 /* Products */ = {
			isa = PBXGroup;
			children = (
				18291B4C2508CDD8003B8249 /* CustomModalStatus.framework */,
				18291B552508CDD9003B8249 /* CustomModalStatusTests.xctest */,
			);
			name = Products;
			sourceTree = "<group>";
		};
		18291B4E2508CDD8003B8249 /* CustomModalStatus */ = {
			isa = PBXGroup;
			children = (
				18291B4F2508CDD8003B8249 /* CustomModalStatus.h */,
				18291B662508CDF6003B8249 /* CustomModalStatusView.swift */,
				18291B682508CE00003B8249 /* CustomModalStatusView.xib */,
				18291B502508CDD8003B8249 /* Info.plist */,
			);
			path = CustomModalStatus;
			sourceTree = "<group>";
		};
		18291B592508CDD9003B8249 /* CustomModalStatusTests */ = {
			isa = PBXGroup;
			children = (
				18291B5A2508CDD9003B8249 /* CustomModalStatusTests.swift */,
				18291B5C2508CDD9003B8249 /* Info.plist */,
			);
			path = CustomModalStatusTests;
			sourceTree = "<group>";
		};
/* End PBXGroup section */

/* Begin PBXHeadersBuildPhase section */
		18291B472508CDD8003B8249 /* Headers */ = {
			isa = PBXHeadersBuildPhase;
			buildActionMask = 2147483647;
			files = (
				18291B5D2508CDD9003B8249 /* CustomModalStatus.h in Headers */,
			);
			runOnlyForDeploymentPostprocessing = 0;
		};
/* End PBXHeadersBuildPhase section */

/* Begin PBXNativeTarget section */
		18291B4B2508CDD8003B8249 /* CustomModalStatus */ = {
			isa = PBXNativeTarget;
			buildConfigurationList = 18291B602508CDD9003B8249 /* Build configuration list for PBXNativeTarget "CustomModalStatus" */;
			buildPhases = (
				18291B472508CDD8003B8249 /* Headers */,
				18291B482508CDD8003B8249 /* Sources */,
				18291B492508CDD8003B8249 /* Frameworks */,
				18291B4A2508CDD8003B8249 /* Resources */,
			);
			buildRules = (
			);
			dependencies = (
			);
			name = CustomModalStatus;
			productName = CustomModalStatus;
			productReference = 18291B4C2508CDD8003B8249 /* CustomModalStatus.framework */;
			productType = "com.apple.product-type.framework";
		};
		18291B542508CDD9003B8249 /* CustomModalStatusTests */ = {
			isa = PBXNativeTarget;
			buildConfigurationList = 18291B632508CDD9003B8249 /* Build configuration list for PBXNativeTarget "CustomModalStatusTests" */;
			buildPhases = (
				18291B512508CDD9003B8249 /* Sources */,
				18291B522508CDD9003B8249 /* Frameworks */,
				18291B532508CDD9003B8249 /* Resources */,
			);
			buildRules = (
			);
			dependencies = (
				18291B582508CDD9003B8249 /* PBXTargetDependency */,
			);
			name = CustomModalStatusTests;
			productName = CustomModalStatusTests;
			productReference = 18291B552508CDD9003B8249 /* CustomModalStatusTests.xctest */;
			productType = "com.apple.product-type.bundle.unit-test";
		};
/* End PBXNativeTarget section */

/* Begin PBXProject section */
		18291B432508CDD8003B8249 /* Project object */ = {
			isa = PBXProject;
			attributes = {
				LastSwiftUpdateCheck = 1160;
				LastUpgradeCheck = 1160;
				ORGANIZATIONNAME = apple;
				TargetAttributes = {
					18291B4B2508CDD8003B8249 = {
						CreatedOnToolsVersion = 11.6;
						LastSwiftMigration = 1160;
					};
					18291B542508CDD9003B8249 = {
						CreatedOnToolsVersion = 11.6;
					};
				};
			};
			buildConfigurationList = 18291B462508CDD8003B8249 /* Build configuration list for PBXProject "CustomModalStatus" */;
			compatibilityVersion = "Xcode 9.3";
			developmentRegion = en;
			hasScannedForEncodings = 0;
			knownRegions = (
				en,
				Base,
			);
			mainGroup = 18291B422508CDD8003B8249;
			productRefGroup = 18291B4D2508CDD8003B8249 /* Products */;
			projectDirPath = "";
			projectRoot = "";
			targets = (
				18291B4B2508CDD8003B8249 /* CustomModalStatus */,
				18291B542508CDD9003B8249 /* CustomModalStatusTests */,
			);
		};
/* End PBXProject section */

/* Begin PBXResourcesBuildPhase section */
		18291B4A2508CDD8003B8249 /* Resources */ = {
			isa = PBXResourcesBuildPhase;
			buildActionMask = 2147483647;
			files = (
				18291B692508CE00003B8249 /* CustomModalStatusView.xib in Resources */,
			);
			runOnlyForDeploymentPostprocessing = 0;
		};
		18291B532508CDD9003B8249 /* Resources */ = {
			isa = PBXResourcesBuildPhase;
			buildActionMask = 2147483647;
			files = (
			);
			runOnlyForDeploymentPostprocessing = 0;
		};
/* End PBXResourcesBuildPhase section */

/* Begin PBXSourcesBuildPhase section */
		18291B482508CDD8003B8249 /* Sources */ = {
			isa = PBXSourcesBuildPhase;
			buildActionMask = 2147483647;
			files = (
				18291B672508CDF6003B8249 /* CustomModalStatusView.swift in Sources */,
			);
			runOnlyForDeploymentPostprocessing = 0;
		};
		18291B512508CDD9003B8249 /* Sources */ = {
			isa = PBXSourcesBuildPhase;
			buildActionMask = 2147483647;
			files = (
				18291B5B2508CDD9003B8249 /* CustomModalStatusTests.swift in Sources */,
			);
			runOnlyForDeploymentPostprocessing = 0;
		};
/* End PBXSourcesBuildPhase section */

/* Begin PBXTargetDependency section */
		18291B582508CDD9003B8249 /* PBXTargetDependency */ = {
			isa = PBXTargetDependency;
			target = 18291B4B2508CDD8003B8249 /* CustomModalStatus */;
			targetProxy = 18291B572508CDD9003B8249 /* PBXContainerItemProxy */;
		};
/* End PBXTargetDependency section */

/* Begin XCBuildConfiguration section */
		18291B5E2508CDD9003B8249 /* Debug */ = {
			isa = XCBuildConfiguration;
			buildSettings = {
				ALWAYS_SEARCH_USER_PATHS = NO;
				CLANG_ANALYZER_NONNULL = YES;
				CLANG_ANALYZER_NUMBER_OBJECT_CONVERSION = YES_AGGRESSIVE;
				CLANG_CXX_LANGUAGE_STANDARD = "gnu++14";
				CLANG_CXX_LIBRARY = "libc++";
				CLANG_ENABLE_MODULES = YES;
				CLANG_ENABLE_OBJC_ARC = YES;
				CLANG_ENABLE_OBJC_WEAK = YES;
				CLANG_WARN_BLOCK_CAPTURE_AUTORELEASING = YES;
				CLANG_WARN_BOOL_CONVERSION = YES;
				CLANG_WARN_COMMA = YES;
				CLANG_WARN_CONSTANT_CONVERSION = YES;
				CLANG_WARN_DEPRECATED_OBJC_IMPLEMENTATIONS = YES;
				CLANG_WARN_DIRECT_OBJC_ISA_USAGE = YES_ERROR;
				CLANG_WARN_DOCUMENTATION_COMMENTS = YES;
				CLANG_WARN_EMPTY_BODY = YES;
				CLANG_WARN_ENUM_CONVERSION = YES;
				CLANG_WARN_INFINITE_RECURSION = YES;
				CLANG_WARN_INT_CONVERSION = YES;
				CLANG_WARN_NON_LITERAL_NULL_CONVERSION = YES;
				CLANG_WARN_OBJC_IMPLICIT_RETAIN_SELF = YES;
				CLANG_WARN_OBJC_LITERAL_CONVERSION = YES;
				CLANG_WARN_OBJC_ROOT_CLASS = YES_ERROR;
				CLANG_WARN_RANGE_LOOP_ANALYSIS = YES;
				CLANG_WARN_STRICT_PROTOTYPES = YES;
				CLANG_WARN_SUSPICIOUS_MOVE = YES;
				CLANG_WARN_UNGUARDED_AVAILABILITY = YES_AGGRESSIVE;
				CLANG_WARN_UNREACHABLE_CODE = YES;
				CLANG_WARN__DUPLICATE_METHOD_MATCH = YES;
				COPY_PHASE_STRIP = NO;
				CURRENT_PROJECT_VERSION = 1;
				DEBUG_INFORMATION_FORMAT = dwarf;
				ENABLE_STRICT_OBJC_MSGSEND = YES;
				ENABLE_TESTABILITY = YES;
				GCC_C_LANGUAGE_STANDARD = gnu11;
				GCC_DYNAMIC_NO_PIC = NO;
				GCC_NO_COMMON_BLOCKS = YES;
				GCC_OPTIMIZATION_LEVEL = 0;
				GCC_PREPROCESSOR_DEFINITIONS = (
					"DEBUG=1",
					"$(inherited)",
				);
				GCC_WARN_64_TO_32_BIT_CONVERSION = YES;
				GCC_WARN_ABOUT_RETURN_TYPE = YES_ERROR;
				GCC_WARN_UNDECLARED_SELECTOR = YES;
				GCC_WARN_UNINITIALIZED_AUTOS = YES_AGGRESSIVE;
				GCC_WARN_UNUSED_FUNCTION = YES;
				GCC_WARN_UNUSED_VARIABLE = YES;
				IPHONEOS_DEPLOYMENT_TARGET = 13.6;
				MTL_ENABLE_DEBUG_INFO = INCLUDE_SOURCE;
				MTL_FAST_MATH = YES;
				ONLY_ACTIVE_ARCH = YES;
				SDKROOT = iphoneos;
				SWIFT_ACTIVE_COMPILATION_CONDITIONS = DEBUG;
				SWIFT_OPTIMIZATION_LEVEL = "-Onone";
				VERSIONING_SYSTEM = "apple-generic";
				VERSION_INFO_PREFIX = "";
			};
			name = Debug;
		};
		18291B5F2508CDD9003B8249 /* Release */ = {
			isa = XCBuildConfiguration;
			buildSettings = {
				ALWAYS_SEARCH_USER_PATHS = NO;
				CLANG_ANALYZER_NONNULL = YES;
				CLANG_ANALYZER_NUMBER_OBJECT_CONVERSION = YES_AGGRESSIVE;
				CLANG_CXX_LANGUAGE_STANDARD = "gnu++14";
				CLANG_CXX_LIBRARY = "libc++";
				CLANG_ENABLE_MODULES = YES;
				CLANG_ENABLE_OBJC_ARC = YES;
				CLANG_ENABLE_OBJC_WEAK = YES;
				CLANG_WARN_BLOCK_CAPTURE_AUTORELEASING = YES;
				CLANG_WARN_BOOL_CONVERSION = YES;
				CLANG_WARN_COMMA = YES;
				CLANG_WARN_CONSTANT_CONVERSION = YES;
				CLANG_WARN_DEPRECATED_OBJC_IMPLEMENTATIONS = YES;
				CLANG_WARN_DIRECT_OBJC_ISA_USAGE = YES_ERROR;
				CLANG_WARN_DOCUMENTATION_COMMENTS = YES;
				CLANG_WARN_EMPTY_BODY = YES;
				CLANG_WARN_ENUM_CONVERSION = YES;
				CLANG_WARN_INFINITE_RECURSION = YES;
				CLANG_WARN_INT_CONVERSION = YES;
				CLANG_WARN_NON_LITERAL_NULL_CONVERSION = YES;
				CLANG_WARN_OBJC_IMPLICIT_RETAIN_SELF = YES;
				CLANG_WARN_OBJC_LITERAL_CONVERSION = YES;
				CLANG_WARN_OBJC_ROOT_CLASS = YES_ERROR;
				CLANG_WARN_RANGE_LOOP_ANALYSIS = YES;
				CLANG_WARN_STRICT_PROTOTYPES = YES;
				CLANG_WARN_SUSPICIOUS_MOVE = YES;
				CLANG_WARN_UNGUARDED_AVAILABILITY = YES_AGGRESSIVE;
				CLANG_WARN_UNREACHABLE_CODE = YES;
				CLANG_WARN__DUPLICATE_METHOD_MATCH = YES;
				COPY_PHASE_STRIP = NO;
				CURRENT_PROJECT_VERSION = 1;
				DEBUG_INFORMATION_FORMAT = "dwarf-with-dsym";
				ENABLE_NS_ASSERTIONS = NO;
				ENABLE_STRICT_OBJC_MSGSEND = YES;
				GCC_C_LANGUAGE_STANDARD = gnu11;
				GCC_NO_COMMON_BLOCKS = YES;
				GCC_WARN_64_TO_32_BIT_CONVERSION = YES;
				GCC_WARN_ABOUT_RETURN_TYPE = YES_ERROR;
				GCC_WARN_UNDECLARED_SELECTOR = YES;
				GCC_WARN_UNINITIALIZED_AUTOS = YES_AGGRESSIVE;
				GCC_WARN_UNUSED_FUNCTION = YES;
				GCC_WARN_UNUSED_VARIABLE = YES;
				IPHONEOS_DEPLOYMENT_TARGET = 13.6;
				MTL_ENABLE_DEBUG_INFO = NO;
				MTL_FAST_MATH = YES;
				SDKROOT = iphoneos;
				SWIFT_COMPILATION_MODE = wholemodule;
				SWIFT_OPTIMIZATION_LEVEL = "-O";
				VALIDATE_PRODUCT = YES;
				VERSIONING_SYSTEM = "apple-generic";
				VERSION_INFO_PREFIX = "";
			};
			name = Release;
		};
		18291B612508CDD9003B8249 /* Debug */ = {
			isa = XCBuildConfiguration;
			buildSettings = {
				CLANG_ENABLE_MODULES = YES;
				CODE_SIGN_STYLE = Automatic;
				DEFINES_MODULE = YES;
				DYLIB_COMPATIBILITY_VERSION = 1;
				DYLIB_CURRENT_VERSION = 1;
				DYLIB_INSTALL_NAME_BASE = "@rpath";
				INFOPLIST_FILE = CustomModalStatus/Info.plist;
				INSTALL_PATH = "$(LOCAL_LIBRARY_DIR)/Frameworks";
				IPHONEOS_DEPLOYMENT_TARGET = 12.0;
				LD_RUNPATH_SEARCH_PATHS = (
					"$(inherited)",
					"@executable_path/Frameworks",
					"@loader_path/Frameworks",
				);
				PRODUCT_BUNDLE_IDENTIFIER = com.innoeye.CustomModalStatus;
				PRODUCT_NAME = "$(TARGET_NAME:c99extidentifier)";
				SKIP_INSTALL = YES;
				SWIFT_OPTIMIZATION_LEVEL = "-Onone";
				SWIFT_VERSION = 5.0;
				TARGETED_DEVICE_FAMILY = "1,2";
			};
			name = Debug;
		};
		18291B622508CDD9003B8249 /* Release */ = {
			isa = XCBuildConfiguration;
			buildSettings = {
				CLANG_ENABLE_MODULES = YES;
				CODE_SIGN_STYLE = Automatic;
				DEFINES_MODULE = YES;
				DYLIB_COMPATIBILITY_VERSION = 1;
				DYLIB_CURRENT_VERSION = 1;
				DYLIB_INSTALL_NAME_BASE = "@rpath";
				INFOPLIST_FILE = CustomModalStatus/Info.plist;
				INSTALL_PATH = "$(LOCAL_LIBRARY_DIR)/Frameworks";
				IPHONEOS_DEPLOYMENT_TARGET = 12.0;
				LD_RUNPATH_SEARCH_PATHS = (
					"$(inherited)",
					"@executable_path/Frameworks",
					"@loader_path/Frameworks",
				);
				PRODUCT_BUNDLE_IDENTIFIER = com.innoeye.CustomModalStatus;
				PRODUCT_NAME = "$(TARGET_NAME:c99extidentifier)";
				SKIP_INSTALL = YES;
				SWIFT_VERSION = 5.0;
				TARGETED_DEVICE_FAMILY = "1,2";
			};
			name = Release;
		};
		18291B642508CDD9003B8249 /* Debug */ = {
			isa = XCBuildConfiguration;
			buildSettings = {
				ALWAYS_EMBED_SWIFT_STANDARD_LIBRARIES = YES;
				CODE_SIGN_STYLE = Automatic;
				INFOPLIST_FILE = CustomModalStatusTests/Info.plist;
				LD_RUNPATH_SEARCH_PATHS = (
					"$(inherited)",
					"@executable_path/Frameworks",
					"@loader_path/Frameworks",
				);
				PRODUCT_BUNDLE_IDENTIFIER = com.innoeye.CustomModalStatusTests;
				PRODUCT_NAME = "$(TARGET_NAME)";
				SWIFT_VERSION = 5.0;
				TARGETED_DEVICE_FAMILY = "1,2";
			};
			name = Debug;
		};
		18291B652508CDD9003B8249 /* Release */ = {
			isa = XCBuildConfiguration;
			buildSettings = {
				ALWAYS_EMBED_SWIFT_STANDARD_LIBRARIES = YES;
				CODE_SIGN_STYLE = Automatic;
				INFOPLIST_FILE = CustomModalStatusTests/Info.plist;
				LD_RUNPATH_SEARCH_PATHS = (
					"$(inherited)",
					"@executable_path/Frameworks",
					"@loader_path/Frameworks",
				);
				PRODUCT_BUNDLE_IDENTIFIER = com.innoeye.CustomModalStatusTests;
				PRODUCT_NAME = "$(TARGET_NAME)";
				SWIFT_VERSION = 5.0;
				TARGETED_DEVICE_FAMILY = "1,2";
			};
			name = Release;
		};
/* End XCBuildConfiguration section */

/* Begin XCConfigurationList section */
		18291B462508CDD8003B8249 /* Build configuration list for PBXProject "CustomModalStatus" */ = {
			isa = XCConfigurationList;
			buildConfigurations = (
				18291B5E2508CDD9003B8249 /* Debug */,
				18291B5F2508CDD9003B8249 /* Release */,
			);
			defaultConfigurationIsVisible = 0;
			defaultConfigurationName = Release;
		};
		18291B602508CDD9003B8249 /* Build configuration list for PBXNativeTarget "CustomModalStatus" */ = {
			isa = XCConfigurationList;
			buildConfigurations = (
				18291B612508CDD9003B8249 /* Debug */,
				18291B622508CDD9003B8249 /* Release */,
			);
			defaultConfigurationIsVisible = 0;
			defaultConfigurationName = Release;
		};
		18291B632508CDD9003B8249 /* Build configuration list for PBXNativeTarget "CustomModalStatusTests" */ = {
			isa = XCConfigurationList;
			buildConfigurations = (
				18291B642508CDD9003B8249 /* Debug */,
				18291B652508CDD9003B8249 /* Release */,
			);
			defaultConfigurationIsVisible = 0;
			defaultConfigurationName = Release;
		};
/* End XCConfigurationList section */
	};
	rootObject = 18291B432508CDD8003B8249 /* Project object */;
}
